
Microsoft Visual Studio Solution File, Format Version 12.00
# Visual Studio Version 17
VisualStudioVersion = 17.14.36414.22 d17.14
MinimumVisualStudioVersion = 10.0.40219.1
Project("{FAE04EC0-301F-11D3-BF4B-00C04F79EFBC}") = "NZWalks.API", "NZWalks.API\NZWalks.API.csproj", "{71B8C78C-FEC7-4702-A479-F5F4C210F51D}"
EndProject
Global
	GlobalSection(SolutionConfigurationPlatforms) = preSolution
		Debug|Any CPU = Debug|Any CPU
		Release|Any CPU = Release|Any CPU
	EndGlobalSection
	GlobalSection(ProjectConfigurationPlatforms) = postSolution
		{71B8C78C-FEC7-4702-A479-F5F4C210F51D}.Debug|Any CPU.ActiveCfg = Debug|Any CPU
		{71B8C78C-FEC7-4702-A479-F5F4C210F51D}.Debug|Any CPU.Build.0 = Debug|Any CPU
		{71B8C78C-FEC7-4702-A479-F5F4C210F51D}.Release|Any CPU.ActiveCfg = Release|Any CPU
		{71B8C78C-FEC7-4702-A479-F5F4C210F51D}.Release|Any CPU.Build.0 = Release|Any CPU
	EndGlobalSection
	GlobalSection(SolutionProperties) = preSolution
		HideSolutionNode = FALSE
	EndGlobalSection
	GlobalSection(ExtensibilityGlobals) = postSolution
		SolutionGuid = {57C5412E-0D1F-4FEA-B71A-788D33EEF135}
	EndGlobalSection
EndGlobal
